// !$*UTF8*$!
{
	archiveVersion = 1;
	classes = {
	};
	objectVersion = 56;
	objects = {

/* Begin PBXBuildFile section */
		4F9F5CD0293A40B600DF2068 /* RelocatiApp.swift in Sources */ = {isa = PBXBuildFile; fileRef = 4F9F5CCF293A40B600DF2068 /* RelocatiApp.swift */; };
		4F9F5CD2293A40B600DF2068 /* ContentView.swift in Sources */ = {isa = PBXBuildFile; fileRef = 4F9F5CD1293A40B600DF2068 /* ContentView.swift */; };
		4F9F5CD4293A40B700DF2068 /* Assets.xcassets in Resources */ = {isa = PBXBuildFile; fileRef = 4F9F5CD3293A40B700DF2068 /* Assets.xcassets */; };
		4F9F5CD7293A40B700DF2068 /* Preview Assets.xcassets in Resources */ = {isa = PBXBuildFile; fileRef = 4F9F5CD6293A40B700DF2068 /* Preview Assets.xcassets */; };
		4F9F5CDF293AA04900DF2068 /* ProgressBar.swift in Sources */ = {isa = PBXBuildFile; fileRef = 4F9F5CDE293AA04900DF2068 /* ProgressBar.swift */; };
		4F9F5CE6293AC45100DF2068 /* GridItemView.swift in Sources */ = {isa = PBXBuildFile; fileRef = 4F9F5CE5293AC45100DF2068 /* GridItemView.swift */; };
		4F9F5CE9293ACAEF00DF2068 /* PrepareToArriveScreen.swift in Sources */ = {isa = PBXBuildFile; fileRef = 4F9F5CE8293ACAEF00DF2068 /* PrepareToArriveScreen.swift */; };
		FD232A82293A9EA900D0B282 /* BounceView.swift in Sources */ = {isa = PBXBuildFile; fileRef = FD232A81293A9EA800D0B282 /* BounceView.swift */; };
		FD232A86293A9EBA00D0B282 /* FontFamily.swift in Sources */ = {isa = PBXBuildFile; fileRef = FD232A83293A9EBA00D0B282 /* FontFamily.swift */; };
		FD232A87293A9EBA00D0B282 /* Color + Hex.swift in Sources */ = {isa = PBXBuildFile; fileRef = FD232A84293A9EBA00D0B282 /* Color + Hex.swift */; };
		FD232A88293A9EBA00D0B282 /* UIColor + Hex.swift in Sources */ = {isa = PBXBuildFile; fileRef = FD232A85293A9EBA00D0B282 /* UIColor + Hex.swift */; };
		FD232A8C293A9ED400D0B282 /* Soyuz-Grotesk-Bold.otf in Resources */ = {isa = PBXBuildFile; fileRef = FD232A8B293A9ED400D0B282 /* Soyuz-Grotesk-Bold.otf */; };
		FD232A91293AA01D00D0B282 /* UpLevelView.swift in Sources */ = {isa = PBXBuildFile; fileRef = FD232A90293AA01D00D0B282 /* UpLevelView.swift */; };
		FD232A93293AA12700D0B282 /* Inter-Regular.ttf in Resources */ = {isa = PBXBuildFile; fileRef = FD232A92293AA12700D0B282 /* Inter-Regular.ttf */; };
		FD232A95293AA5AF00D0B282 /* View + CornerRadius.swift in Sources */ = {isa = PBXBuildFile; fileRef = FD232A94293AA5AF00D0B282 /* View + CornerRadius.swift */; };
		FD232A97293AA89200D0B282 /* CountryMatchView.swift in Sources */ = {isa = PBXBuildFile; fileRef = FD232A96293AA89200D0B282 /* CountryMatchView.swift */; };
		FD232A9B293AC92E00D0B282 /* BounceScene.swift in Sources */ = {isa = PBXBuildFile; fileRef = FD232A9A293AC92E00D0B282 /* BounceScene.swift */; };
		FD232A9E293ACF6F00D0B282 /* PollView.swift in Sources */ = {isa = PBXBuildFile; fileRef = FD232A9D293ACF6F00D0B282 /* PollView.swift */; };
/* End PBXBuildFile section */

/* Begin PBXFileReference section */
		4F9F5CCC293A40B600DF2068 /* Relocati.app */ = {isa = PBXFileReference; explicitFileType = wrapper.application; includeInIndex = 0; path = Relocati.app; sourceTree = BUILT_PRODUCTS_DIR; };
		4F9F5CCF293A40B600DF2068 /* RelocatiApp.swift */ = {isa = PBXFileReference; lastKnownFileType = sourcecode.swift; path = RelocatiApp.swift; sourceTree = "<group>"; };
		4F9F5CD1293A40B600DF2068 /* ContentView.swift */ = {isa = PBXFileReference; lastKnownFileType = sourcecode.swift; path = ContentView.swift; sourceTree = "<group>"; };
		4F9F5CD3293A40B700DF2068 /* Assets.xcassets */ = {isa = PBXFileReference; lastKnownFileType = folder.assetcatalog; path = Assets.xcassets; sourceTree = "<group>"; };
		4F9F5CD6293A40B700DF2068 /* Preview Assets.xcassets */ = {isa = PBXFileReference; lastKnownFileType = folder.assetcatalog; path = "Preview Assets.xcassets"; sourceTree = "<group>"; };
		4F9F5CDE293AA04900DF2068 /* ProgressBar.swift */ = {isa = PBXFileReference; lastKnownFileType = sourcecode.swift; path = ProgressBar.swift; sourceTree = "<group>"; };
		4F9F5CE5293AC45100DF2068 /* GridItemView.swift */ = {isa = PBXFileReference; lastKnownFileType = sourcecode.swift; path = GridItemView.swift; sourceTree = "<group>"; };
		4F9F5CE8293ACAEF00DF2068 /* PrepareToArriveScreen.swift */ = {isa = PBXFileReference; lastKnownFileType = sourcecode.swift; path = PrepareToArriveScreen.swift; sourceTree = "<group>"; };
		FD232A81293A9EA800D0B282 /* BounceView.swift */ = {isa = PBXFileReference; fileEncoding = 4; lastKnownFileType = sourcecode.swift; path = BounceView.swift; sourceTree = "<group>"; };
		FD232A83293A9EBA00D0B282 /* FontFamily.swift */ = {isa = PBXFileReference; fileEncoding = 4; lastKnownFileType = sourcecode.swift; path = FontFamily.swift; sourceTree = "<group>"; };
		FD232A84293A9EBA00D0B282 /* Color + Hex.swift */ = {isa = PBXFileReference; fileEncoding = 4; lastKnownFileType = sourcecode.swift; path = "Color + Hex.swift"; sourceTree = "<group>"; };
		FD232A85293A9EBA00D0B282 /* UIColor + Hex.swift */ = {isa = PBXFileReference; fileEncoding = 4; lastKnownFileType = sourcecode.swift; path = "UIColor + Hex.swift"; sourceTree = "<group>"; };
		FD232A8B293A9ED400D0B282 /* Soyuz-Grotesk-Bold.otf */ = {isa = PBXFileReference; lastKnownFileType = file; name = "Soyuz-Grotesk-Bold.otf"; path = "Relocati/fonts/Soyuz-Grotesk-Bold.otf"; sourceTree = SOURCE_ROOT; };
		FD232A8F293A9F1C00D0B282 /* Info.plist */ = {isa = PBXFileReference; lastKnownFileType = text.plist; path = Info.plist; sourceTree = "<group>"; };
		FD232A90293AA01D00D0B282 /* UpLevelView.swift */ = {isa = PBXFileReference; lastKnownFileType = sourcecode.swift; path = UpLevelView.swift; sourceTree = "<group>"; };
		FD232A92293AA12700D0B282 /* Inter-Regular.ttf */ = {isa = PBXFileReference; lastKnownFileType = file; path = "Inter-Regular.ttf"; sourceTree = "<group>"; };
		FD232A94293AA5AF00D0B282 /* View + CornerRadius.swift */ = {isa = PBXFileReference; lastKnownFileType = sourcecode.swift; path = "View + CornerRadius.swift"; sourceTree = "<group>"; };
		FD232A96293AA89200D0B282 /* CountryMatchView.swift */ = {isa = PBXFileReference; lastKnownFileType = sourcecode.swift; path = CountryMatchView.swift; sourceTree = "<group>"; };
		FD232A9A293AC92E00D0B282 /* BounceScene.swift */ = {isa = PBXFileReference; lastKnownFileType = sourcecode.swift; path = BounceScene.swift; sourceTree = "<group>"; };
		FD232A9D293ACF6F00D0B282 /* PollView.swift */ = {isa = PBXFileReference; lastKnownFileType = sourcecode.swift; path = PollView.swift; sourceTree = "<group>"; };
/* End PBXFileReference section */

/* Begin PBXFrameworksBuildPhase section */
		4F9F5CC9293A40B600DF2068 /* Frameworks */ = {
			isa = PBXFrameworksBuildPhase;
			buildActionMask = 2147483647;
			files = (
			);
			runOnlyForDeploymentPostprocessing = 0;
		};
/* End PBXFrameworksBuildPhase section */

/* Begin PBXGroup section */
		4F9F5CC3293A40B600DF2068 = {
			isa = PBXGroup;
			children = (
				4F9F5CCE293A40B600DF2068 /* Relocati */,
				4F9F5CCD293A40B600DF2068 /* Products */,
			);
			sourceTree = "<group>";
		};
		4F9F5CCD293A40B600DF2068 /* Products */ = {
			isa = PBXGroup;
			children = (
				4F9F5CCC293A40B600DF2068 /* Relocati.app */,
			);
			name = Products;
			sourceTree = "<group>";
		};
		4F9F5CCE293A40B600DF2068 /* Relocati */ = {
			isa = PBXGroup;
			children = (
				4F9F5CE7293ACAC200DF2068 /* Screens */,
				4F9F5CE0293AB54000DF2068 /* Views */,
				FD232A9C293AC9A800D0B282 /* Bounce */,
				FD232A8F293A9F1C00D0B282 /* Info.plist */,
				FD232A8A293A9EC500D0B282 /* Fonts */,
				FD232A89293A9EBC00D0B282 /* Extensions */,
				4F9F5CCF293A40B600DF2068 /* RelocatiApp.swift */,
				4F9F5CD1293A40B600DF2068 /* ContentView.swift */,
				4F9F5CD3293A40B700DF2068 /* Assets.xcassets */,
				4F9F5CD5293A40B700DF2068 /* Preview Content */,
				FD232A90293AA01D00D0B282 /* UpLevelView.swift */,
				FD232A96293AA89200D0B282 /* CountryMatchView.swift */,
				FD232A9D293ACF6F00D0B282 /* PollView.swift */,
			);
			path = Relocati;
			sourceTree = "<group>";
		};
		4F9F5CD5293A40B700DF2068 /* Preview Content */ = {
			isa = PBXGroup;
			children = (
				4F9F5CD6293A40B700DF2068 /* Preview Assets.xcassets */,
			);
			path = "Preview Content";
			sourceTree = "<group>";
		};
		4F9F5CDD293AA01B00DF2068 /* ProgressBar */ = {
			isa = PBXGroup;
			children = (
				4F9F5CDE293AA04900DF2068 /* ProgressBar.swift */,
			);
			path = ProgressBar;
			sourceTree = "<group>";
		};
		4F9F5CE0293AB54000DF2068 /* Views */ = {
			isa = PBXGroup;
			children = (
				4F9F5CDD293AA01B00DF2068 /* ProgressBar */,
				4F9F5CE5293AC45100DF2068 /* GridItemView.swift */,
			);
			path = Views;
			sourceTree = "<group>";
		};
		4F9F5CE7293ACAC200DF2068 /* Screens */ = {
			isa = PBXGroup;
			children = (
				4F9F5CE8293ACAEF00DF2068 /* PrepareToArriveScreen.swift */,
			);
			path = Screens;
			sourceTree = "<group>";
		};
		FD232A89293A9EBC00D0B282 /* Extensions */ = {
			isa = PBXGroup;
			children = (
				FD232A84293A9EBA00D0B282 /* Color + Hex.swift */,
				FD232A83293A9EBA00D0B282 /* FontFamily.swift */,
				FD232A85293A9EBA00D0B282 /* UIColor + Hex.swift */,
				FD232A94293AA5AF00D0B282 /* View + CornerRadius.swift */,
			);
			path = Extensions;
			sourceTree = "<group>";
		};
		FD232A8A293A9EC500D0B282 /* Fonts */ = {
			isa = PBXGroup;
			children = (
				FD232A8B293A9ED400D0B282 /* Soyuz-Grotesk-Bold.otf */,
				FD232A92293AA12700D0B282 /* Inter-Regular.ttf */,
			);
			path = Fonts;
			sourceTree = "<group>";
		};
		FD232A9C293AC9A800D0B282 /* Bounce */ = {
			isa = PBXGroup;
			children = (
				FD232A9A293AC92E00D0B282 /* BounceScene.swift */,
				FD232A81293A9EA800D0B282 /* BounceView.swift */,
			);
			path = Bounce;
			sourceTree = "<group>";
		};
/* End PBXGroup section */

/* Begin PBXNativeTarget section */
		4F9F5CCB293A40B600DF2068 /* Relocati */ = {
			isa = PBXNativeTarget;
			buildConfigurationList = 4F9F5CDA293A40B700DF2068 /* Build configuration list for PBXNativeTarget "Relocati" */;
			buildPhases = (
				4F9F5CC8293A40B600DF2068 /* Sources */,
				4F9F5CC9293A40B600DF2068 /* Frameworks */,
				4F9F5CCA293A40B600DF2068 /* Resources */,
			);
			buildRules = (
			);
			dependencies = (
			);
			name = Relocati;
			productName = Relocati;
			productReference = 4F9F5CCC293A40B600DF2068 /* Relocati.app */;
			productType = "com.apple.product-type.application";
		};
/* End PBXNativeTarget section */

/* Begin PBXProject section */
		4F9F5CC4293A40B600DF2068 /* Project object */ = {
			isa = PBXProject;
			attributes = {
				BuildIndependentTargetsInParallel = 1;
				LastSwiftUpdateCheck = 1410;
				LastUpgradeCheck = 1410;
				TargetAttributes = {
					4F9F5CCB293A40B600DF2068 = {
						CreatedOnToolsVersion = 14.1;
					};
				};
			};
			buildConfigurationList = 4F9F5CC7293A40B600DF2068 /* Build configuration list for PBXProject "Relocati" */;
			compatibilityVersion = "Xcode 14.0";
			developmentRegion = en;
			hasScannedForEncodings = 0;
			knownRegions = (
				en,
				Base,
			);
			mainGroup = 4F9F5CC3293A40B600DF2068;
			productRefGroup = 4F9F5CCD293A40B600DF2068 /* Products */;
			projectDirPath = "";
			projectRoot = "";
			targets = (
				4F9F5CCB293A40B600DF2068 /* Relocati */,
			);
		};
/* End PBXProject section */

/* Begin PBXResourcesBuildPhase section */
		4F9F5CCA293A40B600DF2068 /* Resources */ = {
			isa = PBXResourcesBuildPhase;
			buildActionMask = 2147483647;
			files = (
				FD232A8C293A9ED400D0B282 /* Soyuz-Grotesk-Bold.otf in Resources */,
				4F9F5CD7293A40B700DF2068 /* Preview Assets.xcassets in Resources */,
				FD232A93293AA12700D0B282 /* Inter-Regular.ttf in Resources */,
				4F9F5CD4293A40B700DF2068 /* Assets.xcassets in Resources */,
			);
			runOnlyForDeploymentPostprocessing = 0;
		};
/* End PBXResourcesBuildPhase section */

/* Begin PBXSourcesBuildPhase section */
		4F9F5CC8293A40B600DF2068 /* Sources */ = {
			isa = PBXSourcesBuildPhase;
			buildActionMask = 2147483647;
			files = (
				4F9F5CE9293ACAEF00DF2068 /* PrepareToArriveScreen.swift in Sources */,
				FD232A86293A9EBA00D0B282 /* FontFamily.swift in Sources */,
				FD232A9E293ACF6F00D0B282 /* PollView.swift in Sources */,
				FD232A82293A9EA900D0B282 /* BounceView.swift in Sources */,
				FD232A97293AA89200D0B282 /* CountryMatchView.swift in Sources */,
				4F9F5CD2293A40B600DF2068 /* ContentView.swift in Sources */,
				4F9F5CDF293AA04900DF2068 /* ProgressBar.swift in Sources */,
				4F9F5CD0293A40B600DF2068 /* RelocatiApp.swift in Sources */,
				4F9F5CE6293AC45100DF2068 /* GridItemView.swift in Sources */,
				FD232A95293AA5AF00D0B282 /* View + CornerRadius.swift in Sources */,
				FD232A88293A9EBA00D0B282 /* UIColor + Hex.swift in Sources */,
				FD232A91293AA01D00D0B282 /* UpLevelView.swift in Sources */,
				4F9F5CD0293A40B600DF2068 /* RelocatiApp.swift in Sources */,
				FD232A9B293AC92E00D0B282 /* BounceScene.swift in Sources */,
				FD232A87293A9EBA00D0B282 /* Color + Hex.swift in Sources */,
			);
			runOnlyForDeploymentPostprocessing = 0;
		};
/* End PBXSourcesBuildPhase section */

/* Begin XCBuildConfiguration section */
		4F9F5CD8293A40B700DF2068 /* Debug */ = {
			isa = XCBuildConfiguration;
			buildSettings = {
				ALWAYS_SEARCH_USER_PATHS = NO;
				CLANG_ANALYZER_NONNULL = YES;
				CLANG_ANALYZER_NUMBER_OBJECT_CONVERSION = YES_AGGRESSIVE;
				CLANG_CXX_LANGUAGE_STANDARD = "gnu++20";
				CLANG_ENABLE_MODULES = YES;
				CLANG_ENABLE_OBJC_ARC = YES;
				CLANG_ENABLE_OBJC_WEAK = YES;
				CLANG_WARN_BLOCK_CAPTURE_AUTORELEASING = YES;
				CLANG_WARN_BOOL_CONVERSION = YES;
				CLANG_WARN_COMMA = YES;
				CLANG_WARN_CONSTANT_CONVERSION = YES;
				CLANG_WARN_DEPRECATED_OBJC_IMPLEMENTATIONS = YES;
				CLANG_WARN_DIRECT_OBJC_ISA_USAGE = YES_ERROR;
				CLANG_WARN_DOCUMENTATION_COMMENTS = YES;
				CLANG_WARN_EMPTY_BODY = YES;
				CLANG_WARN_ENUM_CONVERSION = YES;
				CLANG_WARN_INFINITE_RECURSION = YES;
				CLANG_WARN_INT_CONVERSION = YES;
				CLANG_WARN_NON_LITERAL_NULL_CONVERSION = YES;
				CLANG_WARN_OBJC_IMPLICIT_RETAIN_SELF = YES;
				CLANG_WARN_OBJC_LITERAL_CONVERSION = YES;
				CLANG_WARN_OBJC_ROOT_CLASS = YES_ERROR;
				CLANG_WARN_QUOTED_INCLUDE_IN_FRAMEWORK_HEADER = YES;
				CLANG_WARN_RANGE_LOOP_ANALYSIS = YES;
				CLANG_WARN_STRICT_PROTOTYPES = YES;
				CLANG_WARN_SUSPICIOUS_MOVE = YES;
				CLANG_WARN_UNGUARDED_AVAILABILITY = YES_AGGRESSIVE;
				CLANG_WARN_UNREACHABLE_CODE = YES;
				CLANG_WARN__DUPLICATE_METHOD_MATCH = YES;
				COPY_PHASE_STRIP = NO;
				DEBUG_INFORMATION_FORMAT = dwarf;
				ENABLE_STRICT_OBJC_MSGSEND = YES;
				ENABLE_TESTABILITY = YES;
				GCC_C_LANGUAGE_STANDARD = gnu11;
				GCC_DYNAMIC_NO_PIC = NO;
				GCC_NO_COMMON_BLOCKS = YES;
				GCC_OPTIMIZATION_LEVEL = 0;
				GCC_PREPROCESSOR_DEFINITIONS = (
					"DEBUG=1",
					"$(inherited)",
				);
				GCC_WARN_64_TO_32_BIT_CONVERSION = YES;
				GCC_WARN_ABOUT_RETURN_TYPE = YES_ERROR;
				GCC_WARN_UNDECLARED_SELECTOR = YES;
				GCC_WARN_UNINITIALIZED_AUTOS = YES_AGGRESSIVE;
				GCC_WARN_UNUSED_FUNCTION = YES;
				GCC_WARN_UNUSED_VARIABLE = YES;
				IPHONEOS_DEPLOYMENT_TARGET = 16.1;
				MTL_ENABLE_DEBUG_INFO = INCLUDE_SOURCE;
				MTL_FAST_MATH = YES;
				ONLY_ACTIVE_ARCH = YES;
				SDKROOT = iphoneos;
				SWIFT_ACTIVE_COMPILATION_CONDITIONS = DEBUG;
				SWIFT_OPTIMIZATION_LEVEL = "-Onone";
			};
			name = Debug;
		};
		4F9F5CD9293A40B700DF2068 /* Release */ = {
			isa = XCBuildConfiguration;
			buildSettings = {
				ALWAYS_SEARCH_USER_PATHS = NO;
				CLANG_ANALYZER_NONNULL = YES;
				CLANG_ANALYZER_NUMBER_OBJECT_CONVERSION = YES_AGGRESSIVE;
				CLANG_CXX_LANGUAGE_STANDARD = "gnu++20";
				CLANG_ENABLE_MODULES = YES;
				CLANG_ENABLE_OBJC_ARC = YES;
				CLANG_ENABLE_OBJC_WEAK = YES;
				CLANG_WARN_BLOCK_CAPTURE_AUTORELEASING = YES;
				CLANG_WARN_BOOL_CONVERSION = YES;
				CLANG_WARN_COMMA = YES;
				CLANG_WARN_CONSTANT_CONVERSION = YES;
				CLANG_WARN_DEPRECATED_OBJC_IMPLEMENTATIONS = YES;
				CLANG_WARN_DIRECT_OBJC_ISA_USAGE = YES_ERROR;
				CLANG_WARN_DOCUMENTATION_COMMENTS = YES;
				CLANG_WARN_EMPTY_BODY = YES;
				CLANG_WARN_ENUM_CONVERSION = YES;
				CLANG_WARN_INFINITE_RECURSION = YES;
				CLANG_WARN_INT_CONVERSION = YES;
				CLANG_WARN_NON_LITERAL_NULL_CONVERSION = YES;
				CLANG_WARN_OBJC_IMPLICIT_RETAIN_SELF = YES;
				CLANG_WARN_OBJC_LITERAL_CONVERSION = YES;
				CLANG_WARN_OBJC_ROOT_CLASS = YES_ERROR;
				CLANG_WARN_QUOTED_INCLUDE_IN_FRAMEWORK_HEADER = YES;
				CLANG_WARN_RANGE_LOOP_ANALYSIS = YES;
				CLANG_WARN_STRICT_PROTOTYPES = YES;
				CLANG_WARN_SUSPICIOUS_MOVE = YES;
				CLANG_WARN_UNGUARDED_AVAILABILITY = YES_AGGRESSIVE;
				CLANG_WARN_UNREACHABLE_CODE = YES;
				CLANG_WARN__DUPLICATE_METHOD_MATCH = YES;
				COPY_PHASE_STRIP = NO;
				DEBUG_INFORMATION_FORMAT = "dwarf-with-dsym";
				ENABLE_NS_ASSERTIONS = NO;
				ENABLE_STRICT_OBJC_MSGSEND = YES;
				GCC_C_LANGUAGE_STANDARD = gnu11;
				GCC_NO_COMMON_BLOCKS = YES;
				GCC_WARN_64_TO_32_BIT_CONVERSION = YES;
				GCC_WARN_ABOUT_RETURN_TYPE = YES_ERROR;
				GCC_WARN_UNDECLARED_SELECTOR = YES;
				GCC_WARN_UNINITIALIZED_AUTOS = YES_AGGRESSIVE;
				GCC_WARN_UNUSED_FUNCTION = YES;
				GCC_WARN_UNUSED_VARIABLE = YES;
				IPHONEOS_DEPLOYMENT_TARGET = 16.1;
				MTL_ENABLE_DEBUG_INFO = NO;
				MTL_FAST_MATH = YES;
				SDKROOT = iphoneos;
				SWIFT_COMPILATION_MODE = wholemodule;
				SWIFT_OPTIMIZATION_LEVEL = "-O";
				VALIDATE_PRODUCT = YES;
			};
			name = Release;
		};
		4F9F5CDB293A40B700DF2068 /* Debug */ = {
			isa = XCBuildConfiguration;
			buildSettings = {
				ASSETCATALOG_COMPILER_APPICON_NAME = AppIcon;
				ASSETCATALOG_COMPILER_GLOBAL_ACCENT_COLOR_NAME = AccentColor;
				CODE_SIGN_STYLE = Automatic;
				CURRENT_PROJECT_VERSION = 1;
				DEVELOPMENT_ASSET_PATHS = "\"Relocati/Preview Content\"";
				DEVELOPMENT_TEAM = 42LRQS6X44;
				ENABLE_PREVIEWS = YES;
				GENERATE_INFOPLIST_FILE = YES;
				INFOPLIST_FILE = Relocati/Info.plist;
				INFOPLIST_KEY_CFBundleDisplayName = Relocati;
				INFOPLIST_KEY_LSApplicationCategoryType = "public.app-category.travel";
				INFOPLIST_KEY_UIApplicationSceneManifest_Generation = YES;
				INFOPLIST_KEY_UIApplicationSupportsIndirectInputEvents = YES;
				INFOPLIST_KEY_UILaunchScreen_Generation = YES;
				INFOPLIST_KEY_UISupportedInterfaceOrientations_iPad = "UIInterfaceOrientationPortrait UIInterfaceOrientationPortraitUpsideDown UIInterfaceOrientationLandscapeLeft UIInterfaceOrientationLandscapeRight";
				INFOPLIST_KEY_UISupportedInterfaceOrientations_iPhone = "UIInterfaceOrientationPortrait UIInterfaceOrientationLandscapeLeft UIInterfaceOrientationLandscapeRight";
				IPHONEOS_DEPLOYMENT_TARGET = 16.0;
				LD_RUNPATH_SEARCH_PATHS = (
					"$(inherited)",
					"@executable_path/Frameworks",
				);
				MARKETING_VERSION = 1.0;
				PRODUCT_BUNDLE_IDENTIFIER = com.redmadrobot.Relocati;
				PRODUCT_NAME = "$(TARGET_NAME)";
				SWIFT_EMIT_LOC_STRINGS = YES;
				SWIFT_VERSION = 5.0;
				TARGETED_DEVICE_FAMILY = "1,2";
			};
			name = Debug;
		};
		4F9F5CDC293A40B700DF2068 /* Release */ = {
			isa = XCBuildConfiguration;
			buildSettings = {
				ASSETCATALOG_COMPILER_APPICON_NAME = AppIcon;
				ASSETCATALOG_COMPILER_GLOBAL_ACCENT_COLOR_NAME = AccentColor;
				CODE_SIGN_STYLE = Automatic;
				CURRENT_PROJECT_VERSION = 1;
				DEVELOPMENT_ASSET_PATHS = "\"Relocati/Preview Content\"";
				DEVELOPMENT_TEAM = 42LRQS6X44;
				ENABLE_PREVIEWS = YES;
				GENERATE_INFOPLIST_FILE = YES;
				INFOPLIST_FILE = Relocati/Info.plist;
				INFOPLIST_KEY_CFBundleDisplayName = Relocati;
				INFOPLIST_KEY_LSApplicationCategoryType = "public.app-category.travel";
				INFOPLIST_KEY_UIApplicationSceneManifest_Generation = YES;
				INFOPLIST_KEY_UIApplicationSupportsIndirectInputEvents = YES;
				INFOPLIST_KEY_UILaunchScreen_Generation = YES;
				INFOPLIST_KEY_UISupportedInterfaceOrientations_iPad = "UIInterfaceOrientationPortrait UIInterfaceOrientationPortraitUpsideDown UIInterfaceOrientationLandscapeLeft UIInterfaceOrientationLandscapeRight";
				INFOPLIST_KEY_UISupportedInterfaceOrientations_iPhone = "UIInterfaceOrientationPortrait UIInterfaceOrientationLandscapeLeft UIInterfaceOrientationLandscapeRight";
				IPHONEOS_DEPLOYMENT_TARGET = 16.0;
				LD_RUNPATH_SEARCH_PATHS = (
					"$(inherited)",
					"@executable_path/Frameworks",
				);
				MARKETING_VERSION = 1.0;
				PRODUCT_BUNDLE_IDENTIFIER = com.redmadrobot.Relocati;
				PRODUCT_NAME = "$(TARGET_NAME)";
				SWIFT_EMIT_LOC_STRINGS = YES;
				SWIFT_VERSION = 5.0;
				TARGETED_DEVICE_FAMILY = "1,2";
			};
			name = Release;
		};
/* End XCBuildConfiguration section */

/* Begin XCConfigurationList section */
		4F9F5CC7293A40B600DF2068 /* Build configuration list for PBXProject "Relocati" */ = {
			isa = XCConfigurationList;
			buildConfigurations = (
				4F9F5CD8293A40B700DF2068 /* Debug */,
				4F9F5CD9293A40B700DF2068 /* Release */,
			);
			defaultConfigurationIsVisible = 0;
			defaultConfigurationName = Release;
		};
		4F9F5CDA293A40B700DF2068 /* Build configuration list for PBXNativeTarget "Relocati" */ = {
			isa = XCConfigurationList;
			buildConfigurations = (
				4F9F5CDB293A40B700DF2068 /* Debug */,
				4F9F5CDC293A40B700DF2068 /* Release */,
			);
			defaultConfigurationIsVisible = 0;
			defaultConfigurationName = Release;
		};
/* End XCConfigurationList section */
	};
	rootObject = 4F9F5CC4293A40B600DF2068 /* Project object */;
}
